
Microsoft Visual Studio Solution File, Format Version 12.00
# Visual Studio 15
VisualStudioVersion = 15.0.28307.705
MinimumVisualStudioVersion = 10.0.40219.1
Project("{FAE04EC0-301F-11D3-BF4B-00C04F79EFBC}") = "CrudMVCRazorFetch", "CrudMVCRazorFetch\CrudMVCRazorFetch.csproj", "{C77FFF41-6544-447E-9AE5-7319A9D9EF4E}"
EndProject
Global
	GlobalSection(SolutionConfigurationPlatforms) = preSolution
		Debug|Any CPU = Debug|Any CPU
		Release|Any CPU = Release|Any CPU
	EndGlobalSection
	GlobalSection(ProjectConfigurationPlatforms) = postSolution
		{C77FFF41-6544-447E-9AE5-7319A9D9EF4E}.Debug|Any CPU.ActiveCfg = Debug|Any CPU
		{C77FFF41-6544-447E-9AE5-7319A9D9EF4E}.Debug|Any CPU.Build.0 = Debug|Any CPU
		{C77FFF41-6544-447E-9AE5-7319A9D9EF4E}.Release|Any CPU.ActiveCfg = Release|Any CPU
		{C77FFF41-6544-447E-9AE5-7319A9D9EF4E}.Release|Any CPU.Build.0 = Release|Any CPU
	EndGlobalSection
	GlobalSection(SolutionProperties) = preSolution
		HideSolutionNode = FALSE
	EndGlobalSection
	GlobalSection(ExtensibilityGlobals) = postSolution
		SolutionGuid = {ACFF1164-1FCE-4ADE-A1C4-6F2CEDD3C861}
	EndGlobalSection
EndGlobal
